
Microsoft Visual Studio Solution File, Format Version 12.00
# Visual Studio 15
VisualStudioVersion = 15.0.28307.902
MinimumVisualStudioVersion = 10.0.40219.1
Project("{FAE04EC0-301F-11D3-BF4B-00C04F79EFBC}") = "BookManager", "BookManager\BookManager.csproj", "{DDCB7BF9-1AA2-4463-816D-A7C4FFDC039A}"
EndProject
Project("{FAE04EC0-301F-11D3-BF4B-00C04F79EFBC}") = "TestBookManager", "TestBookManager\TestBookManager.csproj", "{3A6D83A2-4211-4B09-B6D4-C4B62BAA6135}"
EndProject
Global
	GlobalSection(SolutionConfigurationPlatforms) = preSolution
		Debug|Any CPU = Debug|Any CPU
		Release|Any CPU = Release|Any CPU
	EndGlobalSection
	GlobalSection(ProjectConfigurationPlatforms) = postSolution
		{DDCB7BF9-1AA2-4463-816D-A7C4FFDC039A}.Debug|Any CPU.ActiveCfg = Debug|Any CPU
		{DDCB7BF9-1AA2-4463-816D-A7C4FFDC039A}.Debug|Any CPU.Build.0 = Debug|Any CPU
		{DDCB7BF9-1AA2-4463-816D-A7C4FFDC039A}.Release|Any CPU.ActiveCfg = Release|Any CPU
		{DDCB7BF9-1AA2-4463-816D-A7C4FFDC039A}.Release|Any CPU.Build.0 = Release|Any CPU
		{3A6D83A2-4211-4B09-B6D4-C4B62BAA6135}.Debug|Any CPU.ActiveCfg = Debug|Any CPU
		{3A6D83A2-4211-4B09-B6D4-C4B62BAA6135}.Debug|Any CPU.Build.0 = Debug|Any CPU
		{3A6D83A2-4211-4B09-B6D4-C4B62BAA6135}.Release|Any CPU.ActiveCfg = Release|Any CPU
		{3A6D83A2-4211-4B09-B6D4-C4B62BAA6135}.Release|Any CPU.Build.0 = Release|Any CPU
	EndGlobalSection
	GlobalSection(SolutionProperties) = preSolution
		HideSolutionNode = FALSE
	EndGlobalSection
	GlobalSection(ExtensibilityGlobals) = postSolution
		SolutionGuid = {0A2A0576-294E-44A4-9895-947B8AC6253A}
	EndGlobalSection
EndGlobal
